
Microsoft Visual Studio Solution File, Format Version 12.00
# Visual Studio Version 17
VisualStudioVersion = 17.0.31903.59
MinimumVisualStudioVersion = 10.0.40219.1
Project("{FAE04EC0-301F-11D3-BF4B-00C04F79EFBC}") = "DesignPatterns.Singleton", "singleton\DesignPatterns.Singleton.csproj", "{BBA3ACC7-AE5D-42AB-BA42-A7F4B028D097}"
EndProject
Project("{FAE04EC0-301F-11D3-BF4B-00C04F79EFBC}") = "DesignPatterns.Observer", "observer\DesignPatterns.Observer.csproj", "{BC38A646-4F1D-4B9E-8160-0589B511B450}"
EndProject
Project("{FAE04EC0-301F-11D3-BF4B-00C04F79EFBC}") = "DesignPatterns.State", "state\DesignPatterns.State.csproj", "{50BFA6E8-2E59-4F81-AE9A-C5FBF0E2C4E8}"
EndProject
Project("{FAE04EC0-301F-11D3-BF4B-00C04F79EFBC}") = "DesignPatterns.Bridge", "bridge\DesignPatterns.Bridge.csproj", "{CE73EDD0-004E-41EE-90C4-FF7405B83610}"
EndProject
Project("{FAE04EC0-301F-11D3-BF4B-00C04F79EFBC}") = "DesignPatterns.Prototype", "prototype\DesignPatterns.Prototype.csproj", "{724636F9-17F8-4889-B853-9A232497DB80}"
EndProject
Project("{FAE04EC0-301F-11D3-BF4B-00C04F79EFBC}") = "DesignPatterns.Iterator", "iterator\DesignPatterns.Iterator.csproj", "{3ABEC529-8C0D-48A7-B0CC-B1ED8D90A465}"
EndProject
Global
	GlobalSection(SolutionConfigurationPlatforms) = preSolution
		Debug|Any CPU = Debug|Any CPU
		Release|Any CPU = Release|Any CPU
	EndGlobalSection
	GlobalSection(SolutionProperties) = preSolution
		HideSolutionNode = FALSE
	EndGlobalSection
	GlobalSection(ProjectConfigurationPlatforms) = postSolution
		{BBA3ACC7-AE5D-42AB-BA42-A7F4B028D097}.Debug|Any CPU.ActiveCfg = Debug|Any CPU
		{BBA3ACC7-AE5D-42AB-BA42-A7F4B028D097}.Debug|Any CPU.Build.0 = Debug|Any CPU
		{BBA3ACC7-AE5D-42AB-BA42-A7F4B028D097}.Release|Any CPU.ActiveCfg = Release|Any CPU
		{BBA3ACC7-AE5D-42AB-BA42-A7F4B028D097}.Release|Any CPU.Build.0 = Release|Any CPU
		{BC38A646-4F1D-4B9E-8160-0589B511B450}.Debug|Any CPU.ActiveCfg = Debug|Any CPU
		{BC38A646-4F1D-4B9E-8160-0589B511B450}.Debug|Any CPU.Build.0 = Debug|Any CPU
		{BC38A646-4F1D-4B9E-8160-0589B511B450}.Release|Any CPU.ActiveCfg = Release|Any CPU
		{BC38A646-4F1D-4B9E-8160-0589B511B450}.Release|Any CPU.Build.0 = Release|Any CPU
		{50BFA6E8-2E59-4F81-AE9A-C5FBF0E2C4E8}.Debug|Any CPU.ActiveCfg = Debug|Any CPU
		{50BFA6E8-2E59-4F81-AE9A-C5FBF0E2C4E8}.Debug|Any CPU.Build.0 = Debug|Any CPU
		{50BFA6E8-2E59-4F81-AE9A-C5FBF0E2C4E8}.Release|Any CPU.ActiveCfg = Release|Any CPU
		{50BFA6E8-2E59-4F81-AE9A-C5FBF0E2C4E8}.Release|Any CPU.Build.0 = Release|Any CPU
		{CE73EDD0-004E-41EE-90C4-FF7405B83610}.Debug|Any CPU.ActiveCfg = Debug|Any CPU
		{CE73EDD0-004E-41EE-90C4-FF7405B83610}.Debug|Any CPU.Build.0 = Debug|Any CPU
		{CE73EDD0-004E-41EE-90C4-FF7405B83610}.Release|Any CPU.ActiveCfg = Release|Any CPU
		{CE73EDD0-004E-41EE-90C4-FF7405B83610}.Release|Any CPU.Build.0 = Release|Any CPU
		{724636F9-17F8-4889-B853-9A232497DB80}.Debug|Any CPU.ActiveCfg = Debug|Any CPU
		{724636F9-17F8-4889-B853-9A232497DB80}.Debug|Any CPU.Build.0 = Debug|Any CPU
		{724636F9-17F8-4889-B853-9A232497DB80}.Release|Any CPU.ActiveCfg = Release|Any CPU
		{724636F9-17F8-4889-B853-9A232497DB80}.Release|Any CPU.Build.0 = Release|Any CPU
		{3ABEC529-8C0D-48A7-B0CC-B1ED8D90A465}.Debug|Any CPU.ActiveCfg = Debug|Any CPU
		{3ABEC529-8C0D-48A7-B0CC-B1ED8D90A465}.Debug|Any CPU.Build.0 = Debug|Any CPU
		{3ABEC529-8C0D-48A7-B0CC-B1ED8D90A465}.Release|Any CPU.ActiveCfg = Release|Any CPU
		{3ABEC529-8C0D-48A7-B0CC-B1ED8D90A465}.Release|Any CPU.Build.0 = Release|Any CPU
	EndGlobalSection
EndGlobal
